PODS:
  - AppLovinMediationInMobiAdapter (9.0.7.1):
    - AppLovinSDK
    - InMobiSDK/Core (= 9.0.7)
  - AppLovinSDK (6.12.8)
  - Google-Mobile-Ads-SDK (7.61.0):
    - GoogleAppMeasurement (~> 6.0)
  - GoogleAppMeasurement (6.6.1):
    - GoogleUtilities/AppDelegateSwizzler (~> 6.0)
    - GoogleUtilities/MethodSwizzler (~> 6.0)
    - GoogleUtilities/Network (~> 6.0)
    - "GoogleUtilities/NSData+zlib (~> 6.0)"
    - nanopb (~> 1.30905.0)
  - GoogleUtilities/AppDelegateSwizzler (6.6.0):
    - GoogleUtilities/Environment
    - GoogleUtilities/Logger
    - GoogleUtilities/Network
  - GoogleUtilities/Environment (6.6.0):
    - PromisesObjC (~> 1.2)
  - GoogleUtilities/Logger (6.6.0):
    - GoogleUtilities/Environment
  - GoogleUtilities/MethodSwizzler (6.6.0):
    - GoogleUtilities/Logger
  - GoogleUtilities/Network (6.6.0):
    - GoogleUtilities/Logger
    - "GoogleUtilities/NSData+zlib"
    - GoogleUtilities/Reachability
  - "GoogleUtilities/NSData+zlib (6.6.0)"
  - GoogleUtilities/Reachability (6.6.0):
    - GoogleUtilities/Logger
  - InMobiMediationSDK (9.0.7):
    - InMobiMediationSDK/InMobiMediationSDK (= 9.0.7)
  - InMobiMediationSDK/Core (9.0.7)
  - InMobiMediationSDK/InMobiMediationSDK (9.0.7):
    - InMobiMediationSDK/Core
    - InMobiMediationSDK/Moat
  - InMobiMediationSDK/Moat (9.0.7):
    - InMobiMediationSDK/Core
  - InMobiMoPubPlugin (9.0.7.1):
    - InMobiSDK/Core
    - mopub-ios-sdk/Core
    - mopub-ios-sdk/NativeAds
  - InMobiSDK/Core (9.0.7)
  - mopub-ios-sdk (5.12.0):
    - mopub-ios-sdk/MoPubSDK (= 5.12.0)
  - mopub-ios-sdk/Avid (5.12.0):
    - mopub-ios-sdk/Core
  - mopub-ios-sdk/Core (5.12.0)
  - mopub-ios-sdk/Moat (5.12.0):
    - mopub-ios-sdk/Core
  - mopub-ios-sdk/MoPubSDK (5.12.0):
    - mopub-ios-sdk/Avid
    - mopub-ios-sdk/Core
    - mopub-ios-sdk/Moat
    - mopub-ios-sdk/NativeAds
  - mopub-ios-sdk/NativeAds (5.12.0):
    - mopub-ios-sdk/Core
  - nanopb (1.30905.0):
    - nanopb/decode (= 1.30905.0)
    - nanopb/encode (= 1.30905.0)
  - nanopb/decode (1.30905.0)
  - nanopb/encode (1.30905.0)
  - PromisesObjC (1.2.9)

DEPENDENCIES:
  - AppLovinMediationInMobiAdapter
  - AppLovinSDK
  - Google-Mobile-Ads-SDK
  - InMobiMediationSDK
  - InMobiMoPubPlugin
  - mopub-ios-sdk (= 5.12)

SPEC REPOS:
  https://github.com/cocoapods/specs.git:
    - AppLovinMediationInMobiAdapter
    - AppLovinSDK
    - Google-Mobile-Ads-SDK
    - GoogleAppMeasurement
    - GoogleUtilities
    - InMobiMediationSDK
    - InMobiMoPubPlugin
    - InMobiSDK
    - mopub-ios-sdk
    - nanopb
    - PromisesObjC

SPEC CHECKSUMS:
  AppLovinMediationInMobiAdapter: bf14632304acc221c9e84cff61619340d07909f0
  AppLovinSDK: 0699feee7a8a3e55dc3a52e07d1b51cae0d27d56
  Google-Mobile-Ads-SDK: 4c3b24b04293b4bb370b2cb392cdd3ee97c87752
  GoogleAppMeasurement: 2fd5c5a56c069db635c8e7b92d4809a9591d0a69
  GoogleUtilities: 39530bc0ad980530298e9c4af8549e991fd033b1
  InMobiMediationSDK: 479cf2ae4e182150c07e1639f5337854d8c48b90
  InMobiMoPubPlugin: 20baa1e07354389490cba73cc9a980bfe5a5865f
  InMobiSDK: c3ec3fed998d8431ba31ad16565d102159e3f9e3
  mopub-ios-sdk: bb61d5741ba16c6a78e5a54e37bc60ef8c9a80a8
  nanopb: c43f40fadfe79e8b8db116583945847910cbabc9
  PromisesObjC: b48e0338dbbac2207e611750777895f7a5811b75

PODFILE CHECKSUM: 6294ff5e0f87ac1e95a7257c608ac27d3e100632

COCOAPODS: 1.5.3
