PODS:
  - AppLovinMediationInMobiAdapter (9.0.7.1):
    - AppLovinSDK
    - InMobiSDK/Core (= 9.0.7)
  - AppLovinSDK (6.12.4)
  - Google-Mobile-Ads-SDK (7.59.0):
    - GoogleAppMeasurement (~> 6.0)
  - GoogleAppMeasurement (6.5.0):
    - GoogleUtilities/AppDelegateSwizzler (~> 6.0)
    - GoogleUtilities/MethodSwizzler (~> 6.0)
    - GoogleUtilities/Network (~> 6.0)
    - "GoogleUtilities/NSData+zlib (~> 6.0)"
    - nanopb (~> 1.30905.0)
  - GoogleUtilities/AppDelegateSwizzler (6.6.0):
    - GoogleUtilities/Environment
    - GoogleUtilities/Logger
    - GoogleUtilities/Network
  - GoogleUtilities/Environment (6.6.0):
    - PromisesObjC (~> 1.2)
  - GoogleUtilities/Logger (6.6.0):
    - GoogleUtilities/Environment
  - GoogleUtilities/MethodSwizzler (6.6.0):
    - GoogleUtilities/Logger
  - GoogleUtilities/Network (6.6.0):
    - GoogleUtilities/Logger
    - "GoogleUtilities/NSData+zlib"
    - GoogleUtilities/Reachability
  - "GoogleUtilities/NSData+zlib (6.6.0)"
  - GoogleUtilities/Reachability (6.6.0):
    - GoogleUtilities/Logger
  - InMobiABMoPubPlugin (1.0.5.907):
    - InMobiABMoPubPlugin/InMobiABMoPubPlugin (= 1.0.5.907)
    - mopub-ios-sdk
  - InMobiABMoPubPlugin/Core (1.0.5.907):
    - mopub-ios-sdk
  - InMobiABMoPubPlugin/InMobiABMoPubPlugin (1.0.5.907):
    - InMobiABMoPubPlugin/Core
    - InMobiABMoPubPlugin/Moat
    - mopub-ios-sdk
  - InMobiABMoPubPlugin/Moat (1.0.5.907):
    - InMobiABMoPubPlugin/Core
    - mopub-ios-sdk
  - InMobiMediationSDK (9.0.7):
    - InMobiMediationSDK/InMobiMediationSDK (= 9.0.7)
  - InMobiMediationSDK/Core (9.0.7)
  - InMobiMediationSDK/InMobiMediationSDK (9.0.7):
    - InMobiMediationSDK/Core
    - InMobiMediationSDK/Moat
  - InMobiMediationSDK/Moat (9.0.7):
    - InMobiMediationSDK/Core
  - InMobiSDK/Core (9.0.7)
  - mopub-ios-sdk (5.12.1):
    - mopub-ios-sdk/MoPubSDK (= 5.12.1)
  - mopub-ios-sdk/Avid (5.12.1):
    - mopub-ios-sdk/Core
  - mopub-ios-sdk/Core (5.12.1)
  - mopub-ios-sdk/Moat (5.12.1):
    - mopub-ios-sdk/Core
  - mopub-ios-sdk/MoPubSDK (5.12.1):
    - mopub-ios-sdk/Avid
    - mopub-ios-sdk/Core
    - mopub-ios-sdk/Moat
    - mopub-ios-sdk/NativeAds
  - mopub-ios-sdk/NativeAds (5.12.1):
    - mopub-ios-sdk/Core
  - nanopb (1.30905.0):
    - nanopb/decode (= 1.30905.0)
    - nanopb/encode (= 1.30905.0)
  - nanopb/decode (1.30905.0)
  - nanopb/encode (1.30905.0)
  - PromisesObjC (1.2.8)

DEPENDENCIES:
  - AppLovinMediationInMobiAdapter
  - AppLovinSDK
  - Google-Mobile-Ads-SDK
  - InMobiABMoPubPlugin
  - InMobiMediationSDK

SPEC REPOS:
  https://github.com/cocoapods/specs.git:
    - AppLovinMediationInMobiAdapter
    - AppLovinSDK
    - Google-Mobile-Ads-SDK
    - GoogleAppMeasurement
    - GoogleUtilities
    - InMobiABMoPubPlugin
    - InMobiMediationSDK
    - InMobiSDK
    - mopub-ios-sdk
    - nanopb
    - PromisesObjC

SPEC CHECKSUMS:
  AppLovinMediationInMobiAdapter: bf14632304acc221c9e84cff61619340d07909f0
  AppLovinSDK: 10c743633377202fdfc050f236f42f209999bde2
  Google-Mobile-Ads-SDK: 118217ac8b80e28aabe0c00aedab1cd885857776
  GoogleAppMeasurement: 4c644d86835d827bab30ab6aabb9ecaf1f500735
  GoogleUtilities: 39530bc0ad980530298e9c4af8549e991fd033b1
  InMobiABMoPubPlugin: 12b400003023787346dce555a2b5900866a64069
  InMobiMediationSDK: 479cf2ae4e182150c07e1639f5337854d8c48b90
  InMobiSDK: c3ec3fed998d8431ba31ad16565d102159e3f9e3
  mopub-ios-sdk: d1640225b34ad74700e2acddb116cac634fc45d8
  nanopb: c43f40fadfe79e8b8db116583945847910cbabc9
  PromisesObjC: c119f3cd559f50b7ae681fa59dc1acd19173b7e6

PODFILE CHECKSUM: 8a76e4367b06d0a5c5c466292d06017bf40e8080

COCOAPODS: 1.5.3
